	<Project xmlns="http://schemas.microsoft.com/developer/msbuild/2003">
		<PropertyGroup>
			<ProjectGuid>{51C5D190-30BB-4696-9A06-6E4EFD850938}</ProjectGuid>
			<MainSource>Emballo.dpk</MainSource>
			<ProjectVersion>12.0</ProjectVersion>
			<Config Condition="'$(Config)'==''">Debug</Config>
			<DCC_DCCCompiler>DCC32</DCC_DCCCompiler>
		</PropertyGroup>
		<PropertyGroup Condition="'$(Config)'=='Base' or '$(Base)'!=''">
			<Base>true</Base>
		</PropertyGroup>
		<PropertyGroup Condition="'$(Config)'=='Release' or '$(Cfg_1)'!=''">
			<Cfg_1>true</Cfg_1>
			<CfgParent>Base</CfgParent>
			<Base>true</Base>
		</PropertyGroup>
		<PropertyGroup Condition="'$(Config)'=='Debug' or '$(Cfg_2)'!=''">
			<Cfg_2>true</Cfg_2>
			<CfgParent>Base</CfgParent>
			<Base>true</Base>
		</PropertyGroup>
		<PropertyGroup Condition="'$(Base)'!=''">
			<DCC_RangeChecking>true</DCC_RangeChecking>
			<DCC_IntegerOverflowCheck>true</DCC_IntegerOverflowCheck>
			<DCC_ImageBase>00400000</DCC_ImageBase>
			<DesignOnlyPackage>false</DesignOnlyPackage>
			<DCC_SymbolReferenceInfo>0</DCC_SymbolReferenceInfo>
			<DCC_UnitAlias>WinTypes=Windows;WinProcs=Windows;DbiTypes=BDE;DbiProcs=BDE;DbiErrs=BDE;$(DCC_UnitAlias)</DCC_UnitAlias>
			<DCC_Platform>x86</DCC_Platform>
			<DCC_DependencyCheckOutputName>C:\Documents and Settings\All Users\Documentos\RAD Studio\7.0\Bpl\Emballo.bpl</DCC_DependencyCheckOutputName>
			<GenPackage>true</GenPackage>
			<DCC_N>false</DCC_N>
			<DCC_S>false</DCC_S>
			<GenDll>true</GenDll>
			<DCC_E>false</DCC_E>
			<DCC_F>false</DCC_F>
			<DCC_K>false</DCC_K>
		</PropertyGroup>
		<PropertyGroup Condition="'$(Cfg_1)'!=''">
			<DCC_LocalDebugSymbols>false</DCC_LocalDebugSymbols>
			<DCC_DependencyCheckOutputName>..\Out\Release\Emballo.bpl</DCC_DependencyCheckOutputName>
			<DCC_BplOutput>..\Out\Release</DCC_BplOutput>
			<DCC_Define>RELEASE;$(DCC_Define)</DCC_Define>
			<DCC_DcuOutput>..\DCU\Release</DCC_DcuOutput>
			<DCC_DcpOutput>..\Out\Release</DCC_DcpOutput>
			<DCC_DebugInformation>false</DCC_DebugInformation>
			<DCC_SymbolReferenceInfo>0</DCC_SymbolReferenceInfo>
		</PropertyGroup>
		<PropertyGroup Condition="'$(Cfg_2)'!=''">
			<DCC_Define>DEBUG;$(DCC_Define)</DCC_Define>
			<DCC_BplOutput>..\Out\Debug</DCC_BplOutput>
			<DCC_DependencyCheckOutputName>..\Out\Debug\Emballo.bpl</DCC_DependencyCheckOutputName>
			<DCC_DcpOutput>..\Out\Debug</DCC_DcpOutput>
			<DCC_DcuOutput>..\DCU\Debug</DCC_DcuOutput>
		</PropertyGroup>
		<ItemGroup>
			<DelphiCompile Include="Emballo.dpk">
				<MainSource>MainSource</MainSource>
			</DelphiCompile>
			<DCCReference Include="rtl.dcp"/>
			<DCCReference Include="dbrtl.dcp"/>
			<DCCReference Include="..\Src\Emballo.DI.Core.pas"/>
			<DCCReference Include="..\Src\Emballo.DI.Instantiator.pas"/>
			<DCCReference Include="..\Src\Emballo.DI.Factory.pas"/>
			<DCCReference Include="..\Src\Emballo.DI.DynamicFactory.pas"/>
			<DCCReference Include="..\Src\Emballo.DI.Registry.pas"/>
			<DCCReference Include="..\Src\Emballo.DI.PreBuiltFactory.pas"/>
			<DCCReference Include="..\Src\Emballo.DI.AbstractFactory.pas"/>
			<DCCReference Include="..\Src\Emballo.DI.AbstractWrapperFactory.pas"/>
			<DCCReference Include="..\Src\Emballo.DI.SingletonFactory.pas"/>
			<DCCReference Include="..\Src\Emballo.DI.PoolFactory.pas"/>
			<DCCReference Include="..\Src\Emballo.DI.RegisterImpl.pas"/>
			<DCCReference Include="..\Src\Emballo.DI.Register.pas"/>
			<DCCReference Include="..\Src\Emballo.RuntimeCodeGeneration.AsmBlock.pas"/>
			<DCCReference Include="..\Src\Emballo.DllWrapper.pas"/>
			<DCCReference Include="..\Src\Emballo.DllWrapper.Impl.pas"/>
			<DCCReference Include="..\Src\Emballo.DI.DllWrapperFactory.pas"/>
			<DCCReference Include="..\Src\Emballo.Rtti.pas"/>
			<DCCReference Include="..\Src\Emballo.DynamicProxy.Impl.pas"/>
			<DCCReference Include="..\Src\Emballo.Interfaces.InterfacedObject.pas"/>
			<DCCReference Include="..\Src\Emballo.RuntimeCodeGeneration.CallingConventions.pas"/>
			<DCCReference Include="..\Src\Emballo.DynamicProxy.InvokationHandler.pas"/>
			<DCCReference Include="..\Src\Emballo.DynamicProxy.InvokationHandler.ParameterImpl.pas"/>
			<DCCReference Include="..\Src\Emballo.Interfaces.DynamicInterfaceHelper.pas"/>
			<DCCReference Include="..\Src\Emballo.Hash.Algorithm.pas"/>
			<DCCReference Include="..\Src\Emballo.Hash.Md5Algorithm.pas"/>
			<DCCReference Include="..\Src\Emballo.Hash.Impl.Md5.pas"/>
			<DCCReference Include="..\Src\Emballo.Hash.BaseAlgorithm.pas"/>
			<DCCReference Include="..\Src\Emballo.Persistence.Session.pas"/>
			<DCCReference Include="..\Src\Emballo.Persistence.Mapping.AttributeMapping.pas"/>
			<DCCReference Include="..\Src\Emballo.Persistence.Mapping.ClassMapping.pas"/>
			<DCCReference Include="..\Src\Emballo.TypeWrappers.pas"/>
			<DCCReference Include="..\Src\Emballo.Mock.MockService.pas"/>
			<DCCReference Include="..\Src\Emballo.Mock.Mock.pas"/>
			<DCCReference Include="..\Src\Emballo.Mock.MockInternalImpl.pas"/>
			<DCCReference Include="..\Src\Emballo.DynamicProxy.DynamicProxyService.pas"/>
			<DCCReference Include="..\Src\Emballo.SynteticClass.pas"/>
			<DCCReference Include="..\Src\Emballo.DynamicProxy.MethodImpl.pas"/>
			<DCCReference Include="..\Src\Emballo.Mock.ExpectedMethodCall.pas"/>
			<DCCReference Include="..\Src\Emballo.Mock.MethodAction.pas"/>
			<DCCReference Include="..\Src\Emballo.Mock.DummyMethodAction.pas"/>
			<DCCReference Include="..\Src\Emballo.Mock.RaiseExceptionClassMethodAction.pas"/>
			<DCCReference Include="..\Src\Emballo.General.pas"/>
			<DCCReference Include="..\Src\Emballo.Mock.ReturnValueMethodAction.pas"/>
			<DCCReference Include="..\Src\Emballo.DynamicProxy.InterfaceProxy.pas"/>
			<DCCReference Include="..\Src\Emballo.Mock.MockInternal.pas"/>
			<DCCReference Include="..\Src\Emballo.Mock.UnexpectedUsage.pas"/>
			<DCCReference Include="..\Src\Emballo.Mock.When.pas"/>
			<DCCReference Include="..\Src\Emballo.Mock.ParameterMatcher.pas"/>
			<DCCReference Include="..\Src\Emballo.Mock.EqualsParameterMatcher.pas"/>
			<None Include="..\Src\Emballo.TypeWrappers.TypeWrapperInterfaceTemplate.inc"/>
			<BuildConfiguration Include="Base">
				<Key>Base</Key>
			</BuildConfiguration>
			<BuildConfiguration Include="Debug">
				<Key>Cfg_2</Key>
				<CfgParent>Base</CfgParent>
			</BuildConfiguration>
			<BuildConfiguration Include="Release">
				<Key>Cfg_1</Key>
				<CfgParent>Base</CfgParent>
			</BuildConfiguration>
		</ItemGroup>
		<Import Project="$(BDS)\Bin\CodeGear.Delphi.Targets" Condition="Exists('$(BDS)\Bin\CodeGear.Delphi.Targets')"/>
		<ProjectExtensions>
			<Borland.Personality>Delphi.Personality.12</Borland.Personality>
			<Borland.ProjectType>Package</Borland.ProjectType>
			<BorlandProject>
				<Delphi.Personality>
					<Source>
						<Source Name="MainSource">Emballo.dpk</Source>
					</Source>
					<Parameters>
						<Parameters Name="UseLauncher">False</Parameters>
						<Parameters Name="LoadAllSymbols">True</Parameters>
						<Parameters Name="LoadUnspecifiedSymbols">False</Parameters>
					</Parameters>
					<VersionInfo>
						<VersionInfo Name="IncludeVerInfo">True</VersionInfo>
						<VersionInfo Name="AutoIncBuild">False</VersionInfo>
						<VersionInfo Name="MajorVer">1</VersionInfo>
						<VersionInfo Name="MinorVer">0</VersionInfo>
						<VersionInfo Name="Release">0</VersionInfo>
						<VersionInfo Name="Build">0</VersionInfo>
						<VersionInfo Name="Debug">False</VersionInfo>
						<VersionInfo Name="PreRelease">False</VersionInfo>
						<VersionInfo Name="Special">False</VersionInfo>
						<VersionInfo Name="Private">False</VersionInfo>
						<VersionInfo Name="DLL">False</VersionInfo>
						<VersionInfo Name="Locale">1046</VersionInfo>
						<VersionInfo Name="CodePage">1252</VersionInfo>
					</VersionInfo>
					<VersionInfoKeys>
						<VersionInfoKeys Name="CompanyName"/>
						<VersionInfoKeys Name="FileDescription"/>
						<VersionInfoKeys Name="FileVersion">1.0.0.0</VersionInfoKeys>
						<VersionInfoKeys Name="InternalName"/>
						<VersionInfoKeys Name="LegalCopyright"/>
						<VersionInfoKeys Name="LegalTrademarks"/>
						<VersionInfoKeys Name="OriginalFilename"/>
						<VersionInfoKeys Name="ProductName"/>
						<VersionInfoKeys Name="ProductVersion">1.0.0.0</VersionInfoKeys>
						<VersionInfoKeys Name="Comments"/>
					</VersionInfoKeys>
				</Delphi.Personality>
			</BorlandProject>
			<ProjectFileVersion>12</ProjectFileVersion>
		</ProjectExtensions>
	</Project>
